
Microsoft Visual Studio Solution File, Format Version 12.00
# Visual Studio Version 17
VisualStudioVersion = 17.0.32126.317
MinimumVisualStudioVersion = 10.0.40219.1
Project("{FAE04EC0-301F-11D3-BF4B-00C04F79EFBC}") = "PilaresPOO", "PilaresPOO\PilaresPOO.csproj", "{057B5ED0-81A8-4CE0-8A5C-DBD38202A0C1}"
EndProject
Global
	GlobalSection(SolutionConfigurationPlatforms) = preSolution
		Debug|Any CPU = Debug|Any CPU
		Release|Any CPU = Release|Any CPU
	EndGlobalSection
	GlobalSection(ProjectConfigurationPlatforms) = postSolution
		{057B5ED0-81A8-4CE0-8A5C-DBD38202A0C1}.Debug|Any CPU.ActiveCfg = Debug|Any CPU
		{057B5ED0-81A8-4CE0-8A5C-DBD38202A0C1}.Debug|Any CPU.Build.0 = Debug|Any CPU
		{057B5ED0-81A8-4CE0-8A5C-DBD38202A0C1}.Release|Any CPU.ActiveCfg = Release|Any CPU
		{057B5ED0-81A8-4CE0-8A5C-DBD38202A0C1}.Release|Any CPU.Build.0 = Release|Any CPU
	EndGlobalSection
	GlobalSection(SolutionProperties) = preSolution
		HideSolutionNode = FALSE
	EndGlobalSection
	GlobalSection(ExtensibilityGlobals) = postSolution
		SolutionGuid = {628758BD-BDCE-4D10-A968-E6089A8561CE}
	EndGlobalSection
EndGlobal
